
Microsoft Visual Studio Solution File, Format Version 12.00
# Visual Studio 2013
VisualStudioVersion = 12.0.30501.0
MinimumVisualStudioVersion = 10.0.40219.1
Project("{FAE04EC0-301F-11D3-BF4B-00C04F79EFBC}") = "BehaviorTree", "BehaviorTree\BehaviorTree.csproj", "{F944CA80-F05E-4CF1-982B-25ECAAA8611B}"
EndProject
Project("{FAE04EC0-301F-11D3-BF4B-00C04F79EFBC}") = "RunBehaviors", "RunBehaviors\RunBehaviors.csproj", "{76A713C7-777C-4799-A3B5-CF859B7B3EB9}"
EndProject
Global
	GlobalSection(SolutionConfigurationPlatforms) = preSolution
		Debug|Any CPU = Debug|Any CPU
		Release|Any CPU = Release|Any CPU
	EndGlobalSection
	GlobalSection(ProjectConfigurationPlatforms) = postSolution
		{F944CA80-F05E-4CF1-982B-25ECAAA8611B}.Debug|Any CPU.ActiveCfg = Debug|Any CPU
		{F944CA80-F05E-4CF1-982B-25ECAAA8611B}.Debug|Any CPU.Build.0 = Debug|Any CPU
		{F944CA80-F05E-4CF1-982B-25ECAAA8611B}.Release|Any CPU.ActiveCfg = Release|Any CPU
		{F944CA80-F05E-4CF1-982B-25ECAAA8611B}.Release|Any CPU.Build.0 = Release|Any CPU
		{76A713C7-777C-4799-A3B5-CF859B7B3EB9}.Debug|Any CPU.ActiveCfg = Debug|Any CPU
		{76A713C7-777C-4799-A3B5-CF859B7B3EB9}.Debug|Any CPU.Build.0 = Debug|Any CPU
		{76A713C7-777C-4799-A3B5-CF859B7B3EB9}.Release|Any CPU.ActiveCfg = Release|Any CPU
		{76A713C7-777C-4799-A3B5-CF859B7B3EB9}.Release|Any CPU.Build.0 = Release|Any CPU
	EndGlobalSection
	GlobalSection(SolutionProperties) = preSolution
		HideSolutionNode = FALSE
	EndGlobalSection
EndGlobal
